{
    "_meta": {
        "hash": {
            "sha256": "5dbce801dc24d1c66e9a18f362bcb0ffd950fd66e1d5e8b8d9db65a3263db54f"
        },
        "pipfile-spec": 6,
        "requires": {
            "python_version": "3.8"
        },
        "sources": [
            {
                "name": "pypi",
                "url": "https://pypi.org/simple",
                "verify_ssl": true
            }
        ]
    },
    "default": {
        "nuitka": {
            "hashes": [
                "sha256:ea7ef24c088afe15fd1daa96c455bb4d4b34183c310ea33f7916a0e616169467"
            ],
            "index": "pypi",
            "version": "==1.4.7"
        },
        "pygame": {
            "hashes": [
                "sha256:009e9886a463f4cb86e5d11024fafb6b9a5f5808d21c4df66938922adc6ee90b",
                "sha256:06e8e4d04f8d57969689d9316bbffc7e4b9862534541535b6e892e410c4f4248",
                "sha256:0745fc99d104c71bf90c70c09a541b7922ba47391e16e9629490722fc1f3e46b",
                "sha256:0b182a6010f16571b1a92e34208ac1e9ad01a725f2fa3c1ad158c4b515ae12de",
                "sha256:0e8cb75c4cb8ae512e4f3d5410ea64359b049f7825a6e8a9010fdf5c539b8433",
                "sha256:154a0a0a953006e8ab90353055037b6710e00aa19941e2fbc1b4f0358e1a4882",
                "sha256:1758bbf986efc9f08344c7eae733f6d04f596745f737bc4c02412b809ac65d58",
                "sha256:1924826a32cc49c0d6b2e523f05e2ea608e1ff631ba595a910ddf37a8b38ee77",
                "sha256:1e083351df89cc0f9ce003cff003d420fa0362e9fd00a793c9a68fc8cd0a2e5f",
                "sha256:217072e80f470847e121b5c5658f89be35e2c1c3ab23d4126fe80fc64fd34d27",
                "sha256:21a4fbc7462d3b8bd9692a6198fb031a80a85e7ac24cfcee382901b2b57db67c",
                "sha256:240f920f846150ffb2c217d75cd1005989fbedd007df82949db361934bfa9660",
                "sha256:261fd434d869e1ae285b3ca90112d62c712fde53679e1bce3dfcee79e93f2b06",
                "sha256:2f2c3c25a1018495011dd0734df4f23ddf6e88037e884b9ecb03ef33a17c5b4c",
                "sha256:2fbbd59b95017824a9b7c3695b13f2df27a64c557c42970a6cad2e26dd5f4f31",
                "sha256:41baee1b5502b7472df0eb59af66ee347ac8ef042b08b553c85546e34daa736a",
                "sha256:45cfe97fa4de560d866f53afbf3c61136bfb4114eb585ac4b6c82c278baf2c1c",
                "sha256:4908fc837fd9f68b6cfdfeffb99b342c25cf770d76768498dc4c066c2f8b2776",
                "sha256:4ef7f1f7d37ffddee63569b5d09f693d0704b04e7c2ff5af90bf61e4cdffe6c7",
                "sha256:50934f9efc6f51d1c4408b607d34162f74ec0763628c6384e062f6bc3e97d98a",
                "sha256:55374e1afb72c6dc546fb1d9ac972de2adf642de69ec7003e66023254512f1e5",
                "sha256:5581841a9baa902d7efc243d3d03ae380f929e90d98ecccbbd49b1fa03e0a6ff",
                "sha256:5624318d189403dde7c58bdb62c340edd0faad6f18a6cf46a9f6923a66db2ba4",
                "sha256:565cccf5bf47e2ec577a0c237919aef9da66d075e982d339fae31e37734e02b8",
                "sha256:595b639fab8a1acafe78050ef71668eae0a22fb5efa022b0cd2bce26a15a371d",
                "sha256:6403f1705fc3b4fc2a51e06f3a7102cc1ed9884dc9ff5b99a4cac0d65255ad58",
                "sha256:64d37dc04a14df9519e2e87611cac6a144c6204365e3fdb0bfb86fa459e32f38",
                "sha256:6d138b15cf378b3755e1e48ea49f0f0406067ada2c176bc6489e70bc836ab72d",
                "sha256:704cb29a380b8e84d4051300e7eccd918e35cb8c44ae931fc0ec8c942e42c71f",
                "sha256:76f8207ed3feeda63df711245bec8613809b7aea71db7d0a1515268c5bd6f52d",
                "sha256:787c1f46905c2f6dd0310144fa7c61cb54d97990c477992601555edf01699f95",
                "sha256:787fff1984107da0c533d2e87c85b0082788c8b24952adf9f0bc6459be485e7f",
                "sha256:7b06978de0400276e451cbbbba80cc9566cf5663dbb8518b7ec598078440de06",
                "sha256:7cd54e859e1b626c332e254128db30e5d6d33544c10154a1ec7a052cac6a50a4",
                "sha256:867498b0ac20f5c981dcc3ee00262d06b3806b355c632f42c11f5b716ccb2ba1",
                "sha256:868ec3a2b87fdca43b4f4ef8314d4fb00c4d9ef6e732f5a9b0348ae3d015de3d",
                "sha256:8fa2701374d3125084b2fd1f9c6d056e7e0fb8ec655e46a5fa1531b7e419fa69",
                "sha256:97b0ec29c9810ca1125df013656e13a89388e5ca72fdd4d900235bceaed30349",
                "sha256:986805fbc0827bf8b8dd8c52aa4ce2fbd4475d51fe1df326bf3e788c1b9f59fd",
                "sha256:a0420eb1015abb3ebba4d29c1239010eac4d82a36b94659847d18af218293aa4",
                "sha256:a139c4290fa5227ccead2c57f6e41195c22f643e0fb7336c9da0c734c9df3cd4",
                "sha256:a9f24b4aeba86e882f3640c4251b0325f86556a5f2661bd7c9e3dc1c9fe966c6",
                "sha256:ab841fe3a4c703cc021d3bb466a9bf5df41edfa3267c44fff5bd6f47944cd4c3",
                "sha256:ad0835f1406a8589ebe7447801a47ff68c16b753d2b27193947e21c8adbac8c1",
                "sha256:af925800444941cea5e45eb94954e5335006fb1b5d35d996e22b3f616e9e0e8e",
                "sha256:b0bfcc7359308748edfe277137efd19f21e5b22373f106848d64dc048db22701",
                "sha256:b358abc054bf94fede79bb213f7ac9dd8a8737c8ac48a6bb0fa72314c147bd76",
                "sha256:b75481cc17a22679c69014ef2322d55cfa66be0923abbd9206e01ef10bb5dab6",
                "sha256:ba578c5cac85358566de3010b3f3393df3b936b310eba6811abbae5241ec19c0",
                "sha256:bc1bbb23e4f32b361956275bdde5992893981362fd37c0e62586537400bd4a4b",
                "sha256:bf1024e516fd3a3948ec45f0ad3b63e69f66c342e4678b2e04a383f735272b8f",
                "sha256:bf5b5fbb526fe76b0eb5a076b94afd29e0a91bc1ba9d6b573fad9722b7e8a5d9",
                "sha256:bfc8a0d863470ec673ff267caaff59b858e967ef78170dc04fc318a7c5f9dd33",
                "sha256:c473efee52359806d8c0a876f42ccb7ead088e7ae8f5d31e6e43f94793c943ea",
                "sha256:c9d827fbd093d5d4ef35bd9ec2994535b5f37af15860975be7e59a2d415b51c7",
                "sha256:caa4c10f79793b7be9eb1e647f84eee3e9ebb79d143d72eecaaaeb94eb44e1c1",
                "sha256:cb0493d0f7fa378fccfc65548aec92edeadbde981c964337f11c884432bfaa35",
                "sha256:cd259998a71a2f7793a4e5d5fc31493f7c7d9ec73e4320895145e7dbc1c8e48d",
                "sha256:d61bbd7a071d80706fd6337abd96484398dc04b3245e8e5df4e7c99e3676086b",
                "sha256:d9764bb10f61a1137aa1118b832417c52e53da19971f4fa94605ea5bd4acc92b",
                "sha256:df29c4369df9231eebffac801fa7af021279d7e9dc4c1cae698cc4077c98d069",
                "sha256:df450cc4342d5664accfdd895c5ee380710eaf16942722117c01deab3373bb35",
                "sha256:e18c6b0fa9e39ad3fe68e48ace92285c026ee70f05bf4dfa54a33fa89f7a0474",
                "sha256:e26c4bb679e7514a7f6c69ca8a68a495013bf46f200476d334459c44a733356f",
                "sha256:f04d89bdf7951e9fde68c7174b522befd9ae6e5c2a75d195435223df044aaacc",
                "sha256:f26e9f1385dddffe605d8afbcba1f90f81156deadbc27327dcc844eb71e24ffa",
                "sha256:f5760ea0f181c8395bc39fdb50000ce2b77d453ba4c0d98e00303a89af6ae5f0",
                "sha256:f71cfb9f161473511543ba8e713f1b34c6b00c70412ecd2d71111da82fe7f062",
                "sha256:f9fe7d817ae099f1b1fd0aac7502f7472a3ba18b068efa3dc30b5d293760565a",
                "sha256:fa8efe34b13a6bfb37e627c2b28e9967b87cd01de92cd000852e08ef8aed1cf0",
                "sha256:ff16c4cffa9958935d39eed73e5a707fc6e86b85f1ec06baf7172c555801730d"
            ],
            "index": "pypi",
            "version": "==2.1.3"
        },
        "pygame-ce": {
            "hashes": [
                "sha256:03a3ecc4d4c574ea12784846c0336675c7762eba1cc4e9b1227eea382be28013",
                "sha256:0ee77733444e350461d7e40f3d2ae1b2b9dc66dca23cc42118a4e8e996593846",
                "sha256:1177df9d64572697e12c7be1a3d918c911748bf35945cf7f40bba87d27361e3e",
                "sha256:1222f7545f56cd5c6d4ee175ddf1f92641e539d91f802821a38916016d3a604e",
                "sha256:12d86fab4251c772c22d374429f72498d055cbe76417f142b934d448dadb5aac",
                "sha256:1544ff6c29be9fac024efdbda135745b4bbd35b593733c588203f6d52b2e4506",
                "sha256:189f10ce9f75a1fe29aa2765aac9867c5c71b09bc969a0743727d8d656b53dfa",
                "sha256:1ba1e63a423b856cde7162df6fa46b470bda0bcfb3b655924fb3a398dc7fef47",
                "sha256:1e53feb52dcfc4add0c377c11d7ee572519906417dcf902fb71df15e277251cd",
                "sha256:1f2e1e44875eba284e3d0778b49bb72cd31b2503de3ed4d8836889b868731c2f",
                "sha256:1fd9a7be8452dc5be1bcd2975e7e95a6e5bfc3f45ff5824b9359b8ea50763a2d",
                "sha256:22b49e922ff7e48e1b3f94c4d698f496a7291c34dbcdd320e696cf9db8105ed8",
                "sha256:234b071ed1eedef566af55f59aef709a8c015464fd54d35656634b66d10169d3",
                "sha256:285c3b57af7d014e47747ec83c03cfdb05bc13b02913e297299080651478f2f2",
                "sha256:2eaee45d943103fb9dad8904d15c9e31f210293479316ce513b91ca85339556a",
                "sha256:3233407bd39dfe1d30eeab3e33de18147a64ad0c918e70a021d23785bbccb425",
                "sha256:35318b5198120a1ffc6fbaa26062895340191aef96342b1de9d9657d915a043f",
                "sha256:37e8779935a5901be90c5280b5a89ce75fc46e61a33c7b916d0158835d25865e",
                "sha256:3b0fd89bce4c3c70e8482dfe7f2a2a716ff3b347a2f4355041658406cf5d3b91",
                "sha256:3bc409880f9f7a3dcb0cd242d4790a216a8850672d959eb67be78d16f15dbbb0",
                "sha256:3d30c837eba6105d6da5092d9e91f67d264027bfaa9aa74f0e08a5369d184015",
                "sha256:45e4df686f89bde27022e3cee1c478847a87d0806b0bc5c98c4247f05ccda521",
                "sha256:47b62b672bddc22907055466ad3a9f0d9c46f1b8524750c092ceb7675e96a3f7",
                "sha256:48de8ba2eda8a993376fddd729d7db5cf0c5a019293c6f43aba000fb01bb1bc2",
                "sha256:5b370a82000b8c54ea31a428f1341bf69ee3500131515c9925d1b2f1d58377fa",
                "sha256:5ce0b914b3c79b865736bd048bb3d294ff841123a701bdc61be9403178b3b514",
                "sha256:61cd5bcdaef3e41032bfad6a7a0946f9c801a9eeeb3042c4ebc76375ad109566",
                "sha256:67e03005b5c1c0dc3f1c18ea390a8ab3ed1871b79503ac4a04ad952b9e0d94fd",
                "sha256:6a5a7670737c3faf1bc9b9f0197ee707e94e7b5c44c9376e91b6585db6cd9e11",
                "sha256:6c470cd98c79fbf88b44277f006c1db7e476caa430ff41b9e39deb8ac8ffed0c",
                "sha256:6c7d6ef9fe48a71328e7ab53c0227517c028b94b4b958ca5f5ca3495ffb132cb",
                "sha256:7084ab5d5c931cd0360c3a28d5e8b46b77e76bccf302e4178e9fe0c7a4d5e18e",
                "sha256:750fed8310ca20d1ede330381ff03fb4cf43bd6b5d9c2283a49d88ec3542b853",
                "sha256:7810731bf48d6aa81c2647cac2718c9863d22e5e153ce3920e56cf441d8066b9",
                "sha256:7c42c6194447a383a90d76eded1b5c6016c2143a25f9370fe223f2a2e8b45be1",
                "sha256:857e06a37dc5047e57c8e904e15e25cd33ce76bf241511ab62e1561601388d07",
                "sha256:88f22ab5dcaf0c4b53d9058988ee0269315b2c1aeea867569a9f33e63456cb46",
                "sha256:9202be1436cf8c634bd45ea3568169f97d31b7aa76e886e1b617f6f1784f6711",
                "sha256:925203327eb7bafca63759cf96bcea6443d4bc65553239c62475e8db666c9887",
                "sha256:95795432d21212f4c4543cc729b4b2f94beb46af891089a586a1e99f6e54a44d",
                "sha256:9bd8d66997ff68c090bd50b2cd416ba85490a2cb88424cd1bd89c976e736bbdd",
                "sha256:9c074f4678faed05c033d7fc93ec2794cacdfb68d6b215ca7d1f6ebdeeb0f544",
                "sha256:a175b7d7a3771a1bf26045a286d3e099de703819f5df7923900dd126ef49bbea",
                "sha256:a6fb23decb3a816112249eb942b113af071b944b446ca5ab88130cc28e29f28e",
                "sha256:a708859273d70c7909d61a23d3298a8fc077e7e831ed9244510f0754f2ba6493",
                "sha256:a8d28c80b1998dc0bf15e330d664a8104a2eaa8a052c6bb3fdf5d0095147517e",
                "sha256:b2462f70bae42e5757542714ee777b725efc88396f01297d7820c1d049338c5e",
                "sha256:c2a3f21dfbb53d3063aa1c07c4940750ff9e887072d6375dec76b479fc6d268b",
                "sha256:c4125772b30ad631b8824fba8df65aea9a571ec80bc004b1d313a317c676648f",
                "sha256:c567d61de9138e30af549b72a9ba8c94819abd3a72d29268db7eefc58c1e8911",
                "sha256:c6c380fce86cd6be64cd3615f0c929ba028b38035a5a63d03a67be8dc7eca09c",
                "sha256:ca0523b134bef5bc803f3c9ab006d26db3700ccff747cf14e868268e153e60b3",
                "sha256:cb787bca39af835cfee3565980189926093d6c6511df49e962d43e6bf7f2dbd3",
                "sha256:cf5b35474156d49f2b7b30c465b5971175b445703ed860d0b6663a9c8aff80b4",
                "sha256:cfa7f9582dfa39e4340b38189f87dc05c48cdb34e0ed8d9f7958bc3607b8eb4e",
                "sha256:cfe77cb4188ef9624e63a11bd234241bb049597409a740a2ba1332bb9953a9f6",
                "sha256:d5b521ad856882e37ecebe10c62ee48990cfafed6b3e9b2f25901dbdcb952c0a",
                "sha256:d5f0c96d62f354e291dec4d60ee0ecc4f04681ac945a846ed5edcdcfddeab10b",
                "sha256:d8166c59d6b1f3d7c50e4b46eebda34fa4d03aba1bb4e2daa1a801729271b1e3",
                "sha256:da6d2dc9ed5776f41bfd61359fca432ee405174b84423237a2cbdc3d8bb59aa1",
                "sha256:dceb49a4bd9d522f628d1de7bb26b924daf5cae9b4155aa26ddbc45cb53588ce",
                "sha256:e263afc56d22b7ef22e40accff1808c628b31fcec64055213f0557dd0bf25096",
                "sha256:e65cd9696781fd19c90b36512ea706f48579f2782cbfc3b0e968b039bf90ec43",
                "sha256:e7c6061ca56338e440222f69eb6d6c6f35f163e87a9d788ec06f29929b792731",
                "sha256:ee41dc38693b4bd84a06af680e6ec1f61cab3fb1499f871deb252766b27912f7",
                "sha256:fbbfc56034b75211d938547f4bee4d7153d8f02b807ef6b3ce0ecef11fda0343",
                "sha256:fe098886821b8a2145fcf6f441fec852ec76dfdd9f741119988a7be7ccd2c9ff"
            ],
            "index": "pypi",
            "version": "==2.1.3"
        }
    },
    "develop": {}
}
